// !$*UTF8*$!
{
	archiveVersion = 1;
	classes = {
	};
	objectVersion = 55;
	objects = {

/* Begin PBXBuildFile section */
		59C2617427E781B300248514 /* AppDelegate.swift in Sources */ = {isa = PBXBuildFile; fileRef = 59C2617327E781B300248514 /* AppDelegate.swift */; };
		59C2617627E781B300248514 /* SceneDelegate.swift in Sources */ = {isa = PBXBuildFile; fileRef = 59C2617527E781B300248514 /* SceneDelegate.swift */; };
		59C2617827E781B300248514 /* ViewController.swift in Sources */ = {isa = PBXBuildFile; fileRef = 59C2617727E781B300248514 /* ViewController.swift */; };
		59C2617D27E781B500248514 /* Assets.xcassets in Resources */ = {isa = PBXBuildFile; fileRef = 59C2617C27E781B500248514 /* Assets.xcassets */; };
		59C2618027E781B500248514 /* LaunchScreen.storyboard in Resources */ = {isa = PBXBuildFile; fileRef = 59C2617E27E781B500248514 /* LaunchScreen.storyboard */; };
		59C2618827E7855900248514 /* AppCoordinator.swift in Sources */ = {isa = PBXBuildFile; fileRef = 59C2618727E7855900248514 /* AppCoordinator.swift */; };
		59C2618A27E79B4900248514 /* EventListCoordinator.swift in Sources */ = {isa = PBXBuildFile; fileRef = 59C2618927E79B4900248514 /* EventListCoordinator.swift */; };
		59C2618C27E79C3100248514 /* EventListViewController.swift in Sources */ = {isa = PBXBuildFile; fileRef = 59C2618B27E79C3100248514 /* EventListViewController.swift */; };
		59C2618E27E7C9E400248514 /* UIColor+Extensions.swift in Sources */ = {isa = PBXBuildFile; fileRef = 59C2618D27E7C9E400248514 /* UIColor+Extensions.swift */; };
		59C2619627E7DA9800248514 /* EventCountDown.xcdatamodeld in Sources */ = {isa = PBXBuildFile; fileRef = 59C2619427E7DA9800248514 /* EventCountDown.xcdatamodeld */; };
		59C2619827E7DB7500248514 /* CoreDataManager.swift in Sources */ = {isa = PBXBuildFile; fileRef = 59C2619727E7DB7500248514 /* CoreDataManager.swift */; };
		59C2619A27E8DB2400248514 /* EventListViewModel.swift in Sources */ = {isa = PBXBuildFile; fileRef = 59C2619927E8DB2400248514 /* EventListViewModel.swift */; };
		59C2619C27E8DD1800248514 /* AddEventCoordinator.swift in Sources */ = {isa = PBXBuildFile; fileRef = 59C2619B27E8DD1800248514 /* AddEventCoordinator.swift */; };
		59C2619E27E8DDAD00248514 /* AddEventViewController.swift in Sources */ = {isa = PBXBuildFile; fileRef = 59C2619D27E8DDAD00248514 /* AddEventViewController.swift */; };
		59C261A127E8DE0800248514 /* AddEventViewModel.swift in Sources */ = {isa = PBXBuildFile; fileRef = 59C261A027E8DE0800248514 /* AddEventViewModel.swift */; };
		59C261A327E968AE00248514 /* UIViewController+Extensions.swift in Sources */ = {isa = PBXBuildFile; fileRef = 59C261A227E968AE00248514 /* UIViewController+Extensions.swift */; };
		59C261A527EA3B3C00248514 /* TitleSubtitleViewModel.swift in Sources */ = {isa = PBXBuildFile; fileRef = 59C261A427EA3B3C00248514 /* TitleSubtitleViewModel.swift */; };
		59C261A827EA3BAB00248514 /* TitleSubtitleCell.swift in Sources */ = {isa = PBXBuildFile; fileRef = 59C261A727EA3BAB00248514 /* TitleSubtitleCell.swift */; };
/* End PBXBuildFile section */

/* Begin PBXFileReference section */
		59C2617027E781B300248514 /* JH-1-Event-Count-Down-V-FC.app */ = {isa = PBXFileReference; explicitFileType = wrapper.application; includeInIndex = 0; path = "JH-1-Event-Count-Down-V-FC.app"; sourceTree = BUILT_PRODUCTS_DIR; };
		59C2617327E781B300248514 /* AppDelegate.swift */ = {isa = PBXFileReference; lastKnownFileType = sourcecode.swift; path = AppDelegate.swift; sourceTree = "<group>"; };
		59C2617527E781B300248514 /* SceneDelegate.swift */ = {isa = PBXFileReference; lastKnownFileType = sourcecode.swift; path = SceneDelegate.swift; sourceTree = "<group>"; };
		59C2617727E781B300248514 /* ViewController.swift */ = {isa = PBXFileReference; lastKnownFileType = sourcecode.swift; path = ViewController.swift; sourceTree = "<group>"; };
		59C2617C27E781B500248514 /* Assets.xcassets */ = {isa = PBXFileReference; lastKnownFileType = folder.assetcatalog; path = Assets.xcassets; sourceTree = "<group>"; };
		59C2617F27E781B500248514 /* Base */ = {isa = PBXFileReference; lastKnownFileType = file.storyboard; name = Base; path = Base.lproj/LaunchScreen.storyboard; sourceTree = "<group>"; };
		59C2618127E781B500248514 /* Info.plist */ = {isa = PBXFileReference; lastKnownFileType = text.plist.xml; path = Info.plist; sourceTree = "<group>"; };
		59C2618727E7855900248514 /* AppCoordinator.swift */ = {isa = PBXFileReference; lastKnownFileType = sourcecode.swift; path = AppCoordinator.swift; sourceTree = "<group>"; };
		59C2618927E79B4900248514 /* EventListCoordinator.swift */ = {isa = PBXFileReference; lastKnownFileType = sourcecode.swift; path = EventListCoordinator.swift; sourceTree = "<group>"; };
		59C2618B27E79C3100248514 /* EventListViewController.swift */ = {isa = PBXFileReference; lastKnownFileType = sourcecode.swift; path = EventListViewController.swift; sourceTree = "<group>"; };
		59C2618D27E7C9E400248514 /* UIColor+Extensions.swift */ = {isa = PBXFileReference; lastKnownFileType = sourcecode.swift; path = "UIColor+Extensions.swift"; sourceTree = "<group>"; };
		59C2619527E7DA9800248514 /* EventCountDown.xcdatamodel */ = {isa = PBXFileReference; lastKnownFileType = wrapper.xcdatamodel; path = EventCountDown.xcdatamodel; sourceTree = "<group>"; };
		59C2619727E7DB7500248514 /* CoreDataManager.swift */ = {isa = PBXFileReference; lastKnownFileType = sourcecode.swift; path = CoreDataManager.swift; sourceTree = "<group>"; };
		59C2619927E8DB2400248514 /* EventListViewModel.swift */ = {isa = PBXFileReference; lastKnownFileType = sourcecode.swift; path = EventListViewModel.swift; sourceTree = "<group>"; };
		59C2619B27E8DD1800248514 /* AddEventCoordinator.swift */ = {isa = PBXFileReference; lastKnownFileType = sourcecode.swift; path = AddEventCoordinator.swift; sourceTree = "<group>"; };
		59C2619D27E8DDAD00248514 /* AddEventViewController.swift */ = {isa = PBXFileReference; lastKnownFileType = sourcecode.swift; path = AddEventViewController.swift; sourceTree = "<group>"; };
		59C261A027E8DE0800248514 /* AddEventViewModel.swift */ = {isa = PBXFileReference; lastKnownFileType = sourcecode.swift; path = AddEventViewModel.swift; sourceTree = "<group>"; };
		59C261A227E968AE00248514 /* UIViewController+Extensions.swift */ = {isa = PBXFileReference; lastKnownFileType = sourcecode.swift; path = "UIViewController+Extensions.swift"; sourceTree = "<group>"; };
		59C261A427EA3B3C00248514 /* TitleSubtitleViewModel.swift */ = {isa = PBXFileReference; lastKnownFileType = sourcecode.swift; path = TitleSubtitleViewModel.swift; sourceTree = "<group>"; };
		59C261A727EA3BAB00248514 /* TitleSubtitleCell.swift */ = {isa = PBXFileReference; lastKnownFileType = sourcecode.swift; path = TitleSubtitleCell.swift; sourceTree = "<group>"; };
/* End PBXFileReference section */

/* Begin PBXFrameworksBuildPhase section */
		59C2616D27E781B300248514 /* Frameworks */ = {
			isa = PBXFrameworksBuildPhase;
			buildActionMask = 2147483647;
			files = (
			);
			runOnlyForDeploymentPostprocessing = 0;
		};
/* End PBXFrameworksBuildPhase section */

/* Begin PBXGroup section */
		59C2616727E781B300248514 = {
			isa = PBXGroup;
			children = (
				59C2617227E781B300248514 /* JH-1-Event-Count-Down-V-FC */,
				59C2617127E781B300248514 /* Products */,
			);
			sourceTree = "<group>";
		};
		59C2617127E781B300248514 /* Products */ = {
			isa = PBXGroup;
			children = (
				59C2617027E781B300248514 /* JH-1-Event-Count-Down-V-FC.app */,
			);
			name = Products;
			sourceTree = "<group>";
		};
		59C2617227E781B300248514 /* JH-1-Event-Count-Down-V-FC */ = {
			isa = PBXGroup;
			children = (
				59C2619027E7D8EC00248514 /* AppDelegates */,
				59C2618F27E7D8E300248514 /* Coordinators */,
				59C2619127E7D8FA00248514 /* Controllers */,
				59C261A627EA3B8100248514 /* Views */,
				59C2619F27E8DDC200248514 /* ViewModels */,
				59C2619227E7D91300248514 /* Extensions */,
				59C2619327E7D91A00248514 /* Resources */,
			);
			path = "JH-1-Event-Count-Down-V-FC";
			sourceTree = "<group>";
		};
		59C2618F27E7D8E300248514 /* Coordinators */ = {
			isa = PBXGroup;
			children = (
				59C2618727E7855900248514 /* AppCoordinator.swift */,
				59C2618927E79B4900248514 /* EventListCoordinator.swift */,
				59C2619B27E8DD1800248514 /* AddEventCoordinator.swift */,
			);
			path = Coordinators;
			sourceTree = "<group>";
		};
		59C2619027E7D8EC00248514 /* AppDelegates */ = {
			isa = PBXGroup;
			children = (
				59C2617327E781B300248514 /* AppDelegate.swift */,
				59C2617527E781B300248514 /* SceneDelegate.swift */,
			);
			path = AppDelegates;
			sourceTree = "<group>";
		};
		59C2619127E7D8FA00248514 /* Controllers */ = {
			isa = PBXGroup;
			children = (
				59C2617727E781B300248514 /* ViewController.swift */,
				59C2618B27E79C3100248514 /* EventListViewController.swift */,
				59C2619D27E8DDAD00248514 /* AddEventViewController.swift */,
			);
			path = Controllers;
			sourceTree = "<group>";
		};
		59C2619227E7D91300248514 /* Extensions */ = {
			isa = PBXGroup;
			children = (
				59C2618D27E7C9E400248514 /* UIColor+Extensions.swift */,
				59C261A227E968AE00248514 /* UIViewController+Extensions.swift */,
			);
			path = Extensions;
			sourceTree = "<group>";
		};
		59C2619327E7D91A00248514 /* Resources */ = {
			isa = PBXGroup;
			children = (
				59C2619727E7DB7500248514 /* CoreDataManager.swift */,
				59C2619427E7DA9800248514 /* EventCountDown.xcdatamodeld */,
				59C2617C27E781B500248514 /* Assets.xcassets */,
				59C2617E27E781B500248514 /* LaunchScreen.storyboard */,
				59C2618127E781B500248514 /* Info.plist */,
			);
			path = Resources;
			sourceTree = "<group>";
		};
		59C2619F27E8DDC200248514 /* ViewModels */ = {
			isa = PBXGroup;
			children = (
				59C2619927E8DB2400248514 /* EventListViewModel.swift */,
				59C261A027E8DE0800248514 /* AddEventViewModel.swift */,
				59C261A427EA3B3C00248514 /* TitleSubtitleViewModel.swift */,
			);
			path = ViewModels;
			sourceTree = "<group>";
		};
		59C261A627EA3B8100248514 /* Views */ = {
			isa = PBXGroup;
			children = (
				59C261A727EA3BAB00248514 /* TitleSubtitleCell.swift */,
			);
			path = Views;
			sourceTree = "<group>";
		};
/* End PBXGroup section */

/* Begin PBXNativeTarget section */
		59C2616F27E781B300248514 /* JH-1-Event-Count-Down-V-FC */ = {
			isa = PBXNativeTarget;
			buildConfigurationList = 59C2618427E781B500248514 /* Build configuration list for PBXNativeTarget "JH-1-Event-Count-Down-V-FC" */;
			buildPhases = (
				59C2616C27E781B300248514 /* Sources */,
				59C2616D27E781B300248514 /* Frameworks */,
				59C2616E27E781B300248514 /* Resources */,
			);
			buildRules = (
			);
			dependencies = (
			);
			name = "JH-1-Event-Count-Down-V-FC";
			productName = "JH-1-Event-Count-Down-V-FC";
			productReference = 59C2617027E781B300248514 /* JH-1-Event-Count-Down-V-FC.app */;
			productType = "com.apple.product-type.application";
		};
/* End PBXNativeTarget section */

/* Begin PBXProject section */
		59C2616827E781B300248514 /* Project object */ = {
			isa = PBXProject;
			attributes = {
				BuildIndependentTargetsInParallel = 1;
				LastSwiftUpdateCheck = 1320;
				LastUpgradeCheck = 1320;
				TargetAttributes = {
					59C2616F27E781B300248514 = {
						CreatedOnToolsVersion = 13.2.1;
					};
				};
			};
			buildConfigurationList = 59C2616B27E781B300248514 /* Build configuration list for PBXProject "JH-1-Event-Count-Down-V-FC" */;
			compatibilityVersion = "Xcode 13.0";
			developmentRegion = en;
			hasScannedForEncodings = 0;
			knownRegions = (
				en,
				Base,
			);
			mainGroup = 59C2616727E781B300248514;
			productRefGroup = 59C2617127E781B300248514 /* Products */;
			projectDirPath = "";
			projectRoot = "";
			targets = (
				59C2616F27E781B300248514 /* JH-1-Event-Count-Down-V-FC */,
			);
		};
/* End PBXProject section */

/* Begin PBXResourcesBuildPhase section */
		59C2616E27E781B300248514 /* Resources */ = {
			isa = PBXResourcesBuildPhase;
			buildActionMask = 2147483647;
			files = (
				59C2618027E781B500248514 /* LaunchScreen.storyboard in Resources */,
				59C2617D27E781B500248514 /* Assets.xcassets in Resources */,
			);
			runOnlyForDeploymentPostprocessing = 0;
		};
/* End PBXResourcesBuildPhase section */

/* Begin PBXSourcesBuildPhase section */
		59C2616C27E781B300248514 /* Sources */ = {
			isa = PBXSourcesBuildPhase;
			buildActionMask = 2147483647;
			files = (
				59C261A827EA3BAB00248514 /* TitleSubtitleCell.swift in Sources */,
				59C2618827E7855900248514 /* AppCoordinator.swift in Sources */,
				59C2619E27E8DDAD00248514 /* AddEventViewController.swift in Sources */,
				59C2618C27E79C3100248514 /* EventListViewController.swift in Sources */,
				59C261A127E8DE0800248514 /* AddEventViewModel.swift in Sources */,
				59C2617827E781B300248514 /* ViewController.swift in Sources */,
				59C2617427E781B300248514 /* AppDelegate.swift in Sources */,
				59C2618E27E7C9E400248514 /* UIColor+Extensions.swift in Sources */,
				59C2617627E781B300248514 /* SceneDelegate.swift in Sources */,
				59C2619827E7DB7500248514 /* CoreDataManager.swift in Sources */,
				59C2619A27E8DB2400248514 /* EventListViewModel.swift in Sources */,
				59C261A527EA3B3C00248514 /* TitleSubtitleViewModel.swift in Sources */,
				59C261A327E968AE00248514 /* UIViewController+Extensions.swift in Sources */,
				59C2619627E7DA9800248514 /* EventCountDown.xcdatamodeld in Sources */,
				59C2619C27E8DD1800248514 /* AddEventCoordinator.swift in Sources */,
				59C2618A27E79B4900248514 /* EventListCoordinator.swift in Sources */,
			);
			runOnlyForDeploymentPostprocessing = 0;
		};
/* End PBXSourcesBuildPhase section */

/* Begin PBXVariantGroup section */
		59C2617E27E781B500248514 /* LaunchScreen.storyboard */ = {
			isa = PBXVariantGroup;
			children = (
				59C2617F27E781B500248514 /* Base */,
			);
			name = LaunchScreen.storyboard;
			sourceTree = "<group>";
		};
/* End PBXVariantGroup section */

/* Begin XCBuildConfiguration section */
		59C2618227E781B500248514 /* Debug */ = {
			isa = XCBuildConfiguration;
			buildSettings = {
				ALWAYS_SEARCH_USER_PATHS = NO;
				CLANG_ANALYZER_NONNULL = YES;
				CLANG_ANALYZER_NUMBER_OBJECT_CONVERSION = YES_AGGRESSIVE;
				CLANG_CXX_LANGUAGE_STANDARD = "gnu++17";
				CLANG_CXX_LIBRARY = "libc++";
				CLANG_ENABLE_MODULES = YES;
				CLANG_ENABLE_OBJC_ARC = YES;
				CLANG_ENABLE_OBJC_WEAK = YES;
				CLANG_WARN_BLOCK_CAPTURE_AUTORELEASING = YES;
				CLANG_WARN_BOOL_CONVERSION = YES;
				CLANG_WARN_COMMA = YES;
				CLANG_WARN_CONSTANT_CONVERSION = YES;
				CLANG_WARN_DEPRECATED_OBJC_IMPLEMENTATIONS = YES;
				CLANG_WARN_DIRECT_OBJC_ISA_USAGE = YES_ERROR;
				CLANG_WARN_DOCUMENTATION_COMMENTS = YES;
				CLANG_WARN_EMPTY_BODY = YES;
				CLANG_WARN_ENUM_CONVERSION = YES;
				CLANG_WARN_INFINITE_RECURSION = YES;
				CLANG_WARN_INT_CONVERSION = YES;
				CLANG_WARN_NON_LITERAL_NULL_CONVERSION = YES;
				CLANG_WARN_OBJC_IMPLICIT_RETAIN_SELF = YES;
				CLANG_WARN_OBJC_LITERAL_CONVERSION = YES;
				CLANG_WARN_OBJC_ROOT_CLASS = YES_ERROR;
				CLANG_WARN_QUOTED_INCLUDE_IN_FRAMEWORK_HEADER = YES;
				CLANG_WARN_RANGE_LOOP_ANALYSIS = YES;
				CLANG_WARN_STRICT_PROTOTYPES = YES;
				CLANG_WARN_SUSPICIOUS_MOVE = YES;
				CLANG_WARN_UNGUARDED_AVAILABILITY = YES_AGGRESSIVE;
				CLANG_WARN_UNREACHABLE_CODE = YES;
				CLANG_WARN__DUPLICATE_METHOD_MATCH = YES;
				COPY_PHASE_STRIP = NO;
				DEBUG_INFORMATION_FORMAT = dwarf;
				ENABLE_STRICT_OBJC_MSGSEND = YES;
				ENABLE_TESTABILITY = YES;
				GCC_C_LANGUAGE_STANDARD = gnu11;
				GCC_DYNAMIC_NO_PIC = NO;
				GCC_NO_COMMON_BLOCKS = YES;
				GCC_OPTIMIZATION_LEVEL = 0;
				GCC_PREPROCESSOR_DEFINITIONS = (
					"DEBUG=1",
					"$(inherited)",
				);
				GCC_WARN_64_TO_32_BIT_CONVERSION = YES;
				GCC_WARN_ABOUT_RETURN_TYPE = YES_ERROR;
				GCC_WARN_UNDECLARED_SELECTOR = YES;
				GCC_WARN_UNINITIALIZED_AUTOS = YES_AGGRESSIVE;
				GCC_WARN_UNUSED_FUNCTION = YES;
				GCC_WARN_UNUSED_VARIABLE = YES;
				IPHONEOS_DEPLOYMENT_TARGET = 15.2;
				MTL_ENABLE_DEBUG_INFO = INCLUDE_SOURCE;
				MTL_FAST_MATH = YES;
				ONLY_ACTIVE_ARCH = YES;
				SDKROOT = iphoneos;
				SWIFT_ACTIVE_COMPILATION_CONDITIONS = DEBUG;
				SWIFT_OPTIMIZATION_LEVEL = "-Onone";
			};
			name = Debug;
		};
		59C2618327E781B500248514 /* Release */ = {
			isa = XCBuildConfiguration;
			buildSettings = {
				ALWAYS_SEARCH_USER_PATHS = NO;
				CLANG_ANALYZER_NONNULL = YES;
				CLANG_ANALYZER_NUMBER_OBJECT_CONVERSION = YES_AGGRESSIVE;
				CLANG_CXX_LANGUAGE_STANDARD = "gnu++17";
				CLANG_CXX_LIBRARY = "libc++";
				CLANG_ENABLE_MODULES = YES;
				CLANG_ENABLE_OBJC_ARC = YES;
				CLANG_ENABLE_OBJC_WEAK = YES;
				CLANG_WARN_BLOCK_CAPTURE_AUTORELEASING = YES;
				CLANG_WARN_BOOL_CONVERSION = YES;
				CLANG_WARN_COMMA = YES;
				CLANG_WARN_CONSTANT_CONVERSION = YES;
				CLANG_WARN_DEPRECATED_OBJC_IMPLEMENTATIONS = YES;
				CLANG_WARN_DIRECT_OBJC_ISA_USAGE = YES_ERROR;
				CLANG_WARN_DOCUMENTATION_COMMENTS = YES;
				CLANG_WARN_EMPTY_BODY = YES;
				CLANG_WARN_ENUM_CONVERSION = YES;
				CLANG_WARN_INFINITE_RECURSION = YES;
				CLANG_WARN_INT_CONVERSION = YES;
				CLANG_WARN_NON_LITERAL_NULL_CONVERSION = YES;
				CLANG_WARN_OBJC_IMPLICIT_RETAIN_SELF = YES;
				CLANG_WARN_OBJC_LITERAL_CONVERSION = YES;
				CLANG_WARN_OBJC_ROOT_CLASS = YES_ERROR;
				CLANG_WARN_QUOTED_INCLUDE_IN_FRAMEWORK_HEADER = YES;
				CLANG_WARN_RANGE_LOOP_ANALYSIS = YES;
				CLANG_WARN_STRICT_PROTOTYPES = YES;
				CLANG_WARN_SUSPICIOUS_MOVE = YES;
				CLANG_WARN_UNGUARDED_AVAILABILITY = YES_AGGRESSIVE;
				CLANG_WARN_UNREACHABLE_CODE = YES;
				CLANG_WARN__DUPLICATE_METHOD_MATCH = YES;
				COPY_PHASE_STRIP = NO;
				DEBUG_INFORMATION_FORMAT = "dwarf-with-dsym";
				ENABLE_NS_ASSERTIONS = NO;
				ENABLE_STRICT_OBJC_MSGSEND = YES;
				GCC_C_LANGUAGE_STANDARD = gnu11;
				GCC_NO_COMMON_BLOCKS = YES;
				GCC_WARN_64_TO_32_BIT_CONVERSION = YES;
				GCC_WARN_ABOUT_RETURN_TYPE = YES_ERROR;
				GCC_WARN_UNDECLARED_SELECTOR = YES;
				GCC_WARN_UNINITIALIZED_AUTOS = YES_AGGRESSIVE;
				GCC_WARN_UNUSED_FUNCTION = YES;
				GCC_WARN_UNUSED_VARIABLE = YES;
				IPHONEOS_DEPLOYMENT_TARGET = 15.2;
				MTL_ENABLE_DEBUG_INFO = NO;
				MTL_FAST_MATH = YES;
				SDKROOT = iphoneos;
				SWIFT_COMPILATION_MODE = wholemodule;
				SWIFT_OPTIMIZATION_LEVEL = "-O";
				VALIDATE_PRODUCT = YES;
			};
			name = Release;
		};
		59C2618527E781B500248514 /* Debug */ = {
			isa = XCBuildConfiguration;
			buildSettings = {
				ASSETCATALOG_COMPILER_APPICON_NAME = AppIcon;
				ASSETCATALOG_COMPILER_GLOBAL_ACCENT_COLOR_NAME = AccentColor;
				CODE_SIGN_STYLE = Automatic;
				CURRENT_PROJECT_VERSION = 1;
				DEVELOPMENT_TEAM = S25TANK5XP;
				GENERATE_INFOPLIST_FILE = YES;
				INFOPLIST_FILE = "JH-1-Event-Count-Down-V-FC/Resources/Info.plist";
				INFOPLIST_KEY_UIApplicationSupportsIndirectInputEvents = YES;
				INFOPLIST_KEY_UILaunchStoryboardName = LaunchScreen;
				INFOPLIST_KEY_UISupportedInterfaceOrientations_iPad = "UIInterfaceOrientationPortrait UIInterfaceOrientationPortraitUpsideDown UIInterfaceOrientationLandscapeLeft UIInterfaceOrientationLandscapeRight";
				INFOPLIST_KEY_UISupportedInterfaceOrientations_iPhone = "UIInterfaceOrientationPortrait UIInterfaceOrientationLandscapeLeft UIInterfaceOrientationLandscapeRight";
				LD_RUNPATH_SEARCH_PATHS = (
					"$(inherited)",
					"@executable_path/Frameworks",
				);
				MARKETING_VERSION = 1.0;
				PRODUCT_BUNDLE_IDENTIFIER = "adPiscinam.JH-1-Event-Count-Down-V-FC";
				PRODUCT_NAME = "$(TARGET_NAME)";
				SWIFT_EMIT_LOC_STRINGS = YES;
				SWIFT_VERSION = 5.0;
				TARGETED_DEVICE_FAMILY = 1;
			};
			name = Debug;
		};
		59C2618627E781B500248514 /* Release */ = {
			isa = XCBuildConfiguration;
			buildSettings = {
				ASSETCATALOG_COMPILER_APPICON_NAME = AppIcon;
				ASSETCATALOG_COMPILER_GLOBAL_ACCENT_COLOR_NAME = AccentColor;
				CODE_SIGN_STYLE = Automatic;
				CURRENT_PROJECT_VERSION = 1;
				DEVELOPMENT_TEAM = S25TANK5XP;
				GENERATE_INFOPLIST_FILE = YES;
				INFOPLIST_FILE = "JH-1-Event-Count-Down-V-FC/Resources/Info.plist";
				INFOPLIST_KEY_UIApplicationSupportsIndirectInputEvents = YES;
				INFOPLIST_KEY_UILaunchStoryboardName = LaunchScreen;
				INFOPLIST_KEY_UISupportedInterfaceOrientations_iPad = "UIInterfaceOrientationPortrait UIInterfaceOrientationPortraitUpsideDown UIInterfaceOrientationLandscapeLeft UIInterfaceOrientationLandscapeRight";
				INFOPLIST_KEY_UISupportedInterfaceOrientations_iPhone = "UIInterfaceOrientationPortrait UIInterfaceOrientationLandscapeLeft UIInterfaceOrientationLandscapeRight";
				LD_RUNPATH_SEARCH_PATHS = (
					"$(inherited)",
					"@executable_path/Frameworks",
				);
				MARKETING_VERSION = 1.0;
				PRODUCT_BUNDLE_IDENTIFIER = "adPiscinam.JH-1-Event-Count-Down-V-FC";
				PRODUCT_NAME = "$(TARGET_NAME)";
				SWIFT_EMIT_LOC_STRINGS = YES;
				SWIFT_VERSION = 5.0;
				TARGETED_DEVICE_FAMILY = 1;
			};
			name = Release;
		};
/* End XCBuildConfiguration section */

/* Begin XCConfigurationList section */
		59C2616B27E781B300248514 /* Build configuration list for PBXProject "JH-1-Event-Count-Down-V-FC" */ = {
			isa = XCConfigurationList;
			buildConfigurations = (
				59C2618227E781B500248514 /* Debug */,
				59C2618327E781B500248514 /* Release */,
			);
			defaultConfigurationIsVisible = 0;
			defaultConfigurationName = Release;
		};
		59C2618427E781B500248514 /* Build configuration list for PBXNativeTarget "JH-1-Event-Count-Down-V-FC" */ = {
			isa = XCConfigurationList;
			buildConfigurations = (
				59C2618527E781B500248514 /* Debug */,
				59C2618627E781B500248514 /* Release */,
			);
			defaultConfigurationIsVisible = 0;
			defaultConfigurationName = Release;
		};
/* End XCConfigurationList section */

/* Begin XCVersionGroup section */
		59C2619427E7DA9800248514 /* EventCountDown.xcdatamodeld */ = {
			isa = XCVersionGroup;
			children = (
				59C2619527E7DA9800248514 /* EventCountDown.xcdatamodel */,
			);
			currentVersion = 59C2619527E7DA9800248514 /* EventCountDown.xcdatamodel */;
			path = EventCountDown.xcdatamodeld;
			sourceTree = "<group>";
			versionGroupType = wrapper.xcdatamodel;
		};
/* End XCVersionGroup section */
	};
	rootObject = 59C2616827E781B300248514 /* Project object */;
}
